{
  "name": "typescript-strictly-typed",
  "version": "3.31.0",
  "lockfileVersion": 3,
  "requires": true,
  "packages": {
    "": {
      "name": "typescript-strictly-typed",
      "version": "3.31.0",
      "license": "MIT",
      "dependencies": {
        "js-yaml": "^4.2.0",
        "jsonc-parser": "^3.3.1",
        "package-up": "^5.0.0",
        "semver": "^7.8.4",
        "ts-morph": "^28.0.0"
      },
      "bin": {
        "typescript-strictly-typed": "bin/cli.js"
      },
      "devDependencies": {
        "@types/js-yaml": "^4.0.9",
        "@types/node": "~24.10.0",
        "@types/semver": "^7.7.1",
        "better-typescript-lib": "~2.12.0",
        "oxlint": "^1.69.0",
        "oxlint-tsgolint": "^0.23.0",
        "typescript": "~6.0.2"
      },
      "engines": {
        "node": ">=24.10.0",
        "npm": ">=11.6.0"
      },
      "funding": {
        "type": "github",
        "url": "https://github.com/sponsors/cyrilletuzi"
      }
    },
    "node_modules/@oxlint-tsgolint/darwin-arm64": {
      "version": "0.23.0",
      "resolved": "https://registry.npmjs.org/@oxlint-tsgolint/darwin-arm64/-/darwin-arm64-0.23.0.tgz",
      "integrity": "sha512-gOs9PVr2wEg4ox9z0aJo+RKhhImW86YL5N6yav8BK/rgPsIrwN/igSZ+pbRr723NFvUNKde9fgMhRA6JrXAOZw==",
      "cpu": [
        "arm64"
      ],
      "dev": true,
      "license": "MIT",
      "optional": true,
      "os": [
        "darwin"
      ]
    },
    "node_modules/@oxlint-tsgolint/darwin-x64": {
      "version": "0.23.0",
      "resolved": "https://registry.npmjs.org/@oxlint-tsgolint/darwin-x64/-/darwin-x64-0.23.0.tgz",
      "integrity": "sha512-kjJ8B+7n4tB9VJdxS5A9GdJt6/bYpzbu4lXp2uO1S3sRmCB5gDEABlGoiePNApRWaW+xqL4b4xgiE727jSLhuA==",
      "cpu": [
        "x64"
      ],
      "dev": true,
      "license": "MIT",
      "optional": true,
      "os": [
        "darwin"
      ]
    },
    "node_modules/@oxlint-tsgolint/linux-arm64": {
      "version": "0.23.0",
      "resolved": "https://registry.npmjs.org/@oxlint-tsgolint/linux-arm64/-/linux-arm64-0.23.0.tgz",
      "integrity": "sha512-6dCZuKNu135seMXilkRk9SpCx6i1XgmiipYGalLij5WVRX6ZYS8c4xI7preN/zv9fCXhsQclTIMDu2Y/cytTjw==",
      "cpu": [
        "arm64"
      ],
      "dev": true,
      "license": "MIT",
      "optional": true,
      "os": [
        "linux"
      ]
    },
    "node_modules/@oxlint-tsgolint/linux-x64": {
      "version": "0.23.0",
      "resolved": "https://registry.npmjs.org/@oxlint-tsgolint/linux-x64/-/linux-x64-0.23.0.tgz",
      "integrity": "sha512-3bdilnyA7kmSTjK27rvjIjSxL5SIg3wt7vwNiRkouWB83ytssyKnuGvxSYJxgMEmFpSutzaBzcCUM2jDtPGcgA==",
      "cpu": [
        "x64"
      ],
      "dev": true,
      "license": "MIT",
      "optional": true,
      "os": [
        "linux"
      ]
    },
    "node_modules/@oxlint-tsgolint/win32-arm64": {
      "version": "0.23.0",
      "resolved": "https://registry.npmjs.org/@oxlint-tsgolint/win32-arm64/-/win32-arm64-0.23.0.tgz",
      "integrity": "sha512-j+OEp44SVYiQ+ZD+uttsX7u6L9SvmbbQ77SO1pSFCcJlsVMeCk8qZsjhKfGKuT/jIA+ipOJMVs/+pqUfObBWNw==",
      "cpu": [
        "arm64"
      ],
      "dev": true,
      "license": "MIT",
      "optional": true,
      "os": [
        "win32"
      ]
    },
    "node_modules/@oxlint-tsgolint/win32-x64": {
      "version": "0.23.0",
      "resolved": "https://registry.npmjs.org/@oxlint-tsgolint/win32-x64/-/win32-x64-0.23.0.tgz",
      "integrity": "sha512-5MyjFuqf+g8OUPJBSGWHJtmoWnzFJYyOg4To9WMQshZYEWig/vtu7JtJ03VWnzHv9LJkAUeApY0gVCOywFR/iQ==",
      "cpu": [
        "x64"
      ],
      "dev": true,
      "license": "MIT",
      "optional": true,
      "os": [
        "win32"
      ]
    },
    "node_modules/@oxlint/binding-android-arm-eabi": {
      "version": "1.69.0",
      "resolved": "https://registry.npmjs.org/@oxlint/binding-android-arm-eabi/-/binding-android-arm-eabi-1.69.0.tgz",
      "integrity": "sha512-DKQQbD5cZ/MYfDgDI7YGyGD9FSxABlsBsYFo5p26lloob543tP9+4N3guwdXIYJN+7HSZxLe8YJuwcOWw5qnHg==",
      "cpu": [
        "arm"
      ],
      "dev": true,
      "license": "MIT",
      "optional": true,
      "os": [
        "android"
      ],
      "engines": {
        "node": "^20.19.0 || >=22.12.0"
      }
    },
    "node_modules/@oxlint/binding-android-arm64": {
      "version": "1.69.0",
      "resolved": "https://registry.npmjs.org/@oxlint/binding-android-arm64/-/binding-android-arm64-1.69.0.tgz",
      "integrity": "sha512-lEhb+I5pr4inux+JFwfCa1HRq3Os7NirEFQ0H1I35SVEHPm6byX0Ah47xmRha3qi6LAkxUcxViL8o/9PivjzBg==",
      "cpu": [
        "arm64"
      ],
      "dev": true,
      "license": "MIT",
      "optional": true,
      "os": [
        "android"
      ],
      "engines": {
        "node": "^20.19.0 || >=22.12.0"
      }
    },
    "node_modules/@oxlint/binding-darwin-arm64": {
      "version": "1.69.0",
      "resolved": "https://registry.npmjs.org/@oxlint/binding-darwin-arm64/-/binding-darwin-arm64-1.69.0.tgz",
      "integrity": "sha512-GY2YE8lOZW59BW1Ia1y+1gR0XyjrZRvVWHAr8LGeGhYHE0OQJ/7cRKXTkx1P+E9/6awEc3SX8a68SFTjh/E//A==",
      "cpu": [
        "arm64"
      ],
      "dev": true,
      "license": "MIT",
      "optional": true,
      "os": [
        "darwin"
      ],
      "engines": {
        "node": "^20.19.0 || >=22.12.0"
      }
    },
    "node_modules/@oxlint/binding-darwin-x64": {
      "version": "1.69.0",
      "resolved": "https://registry.npmjs.org/@oxlint/binding-darwin-x64/-/binding-darwin-x64-1.69.0.tgz",
      "integrity": "sha512-ax1oZnOjHX3LB7myQyHEaQkDwfLb6str3/nSP6O7EVUviQGNkEGzGV0EqcBJWK+Ufwx0l4xPgyYayurvhAdl2Q==",
      "cpu": [
        "x64"
      ],
      "dev": true,
      "license": "MIT",
      "optional": true,
      "os": [
        "darwin"
      ],
      "engines": {
        "node": "^20.19.0 || >=22.12.0"
      }
    },
    "node_modules/@oxlint/binding-freebsd-x64": {
      "version": "1.69.0",
      "resolved": "https://registry.npmjs.org/@oxlint/binding-freebsd-x64/-/binding-freebsd-x64-1.69.0.tgz",
      "integrity": "sha512-kHWeHv4g2h8NY+mpCxzCtY4uerMJWTN/TSnNj1CPbakFpHEJ6cTya2wWV0pDSYWOJ2+0UiEbhn3AtXxHtsnKjg==",
      "cpu": [
        "x64"
      ],
      "dev": true,
      "license": "MIT",
      "optional": true,
      "os": [
        "freebsd"
      ],
      "engines": {
        "node": "^20.19.0 || >=22.12.0"
      }
    },
    "node_modules/@oxlint/binding-linux-arm-gnueabihf": {
      "version": "1.69.0",
      "resolved": "https://registry.npmjs.org/@oxlint/binding-linux-arm-gnueabihf/-/binding-linux-arm-gnueabihf-1.69.0.tgz",
      "integrity": "sha512-gq84vM1a1oEehXo27YCDzGVcxPsZDI1yswZwz2Da1/cbnWtrL16XZZnz0G/+gIU8edtHpfjxq5c+vWEHqJfWoQ==",
      "cpu": [
        "arm"
      ],
      "dev": true,
      "license": "MIT",
      "optional": true,
      "os": [
        "linux"
      ],
      "engines": {
        "node": "^20.19.0 || >=22.12.0"
      }
    },
    "node_modules/@oxlint/binding-linux-arm-musleabihf": {
      "version": "1.69.0",
      "resolved": "https://registry.npmjs.org/@oxlint/binding-linux-arm-musleabihf/-/binding-linux-arm-musleabihf-1.69.0.tgz",
      "integrity": "sha512-kIqEa98JQ0VRyrcncxA417m2AzasqTlD+FyVT1AksjvjkqQcvm7pBWYvoW3/mpyOP2XYvi5nSCCTIe6De1yu5g==",
      "cpu": [
        "arm"
      ],
      "dev": true,
      "license": "MIT",
      "optional": true,
      "os": [
        "linux"
      ],
      "engines": {
        "node": "^20.19.0 || >=22.12.0"
      }
    },
    "node_modules/@oxlint/binding-linux-arm64-gnu": {
      "version": "1.69.0",
      "resolved": "https://registry.npmjs.org/@oxlint/binding-linux-arm64-gnu/-/binding-linux-arm64-gnu-1.69.0.tgz",
      "integrity": "sha512-j+xYiXozxGWx2cpjCrwwGR4awTxPFsRv3JZrv23RCogEPMc4R7UqjHW47p/RG0aRlbWiROCJ8coUfCwy0dvzHA==",
      "cpu": [
        "arm64"
      ],
      "dev": true,
      "libc": [
        "glibc"
      ],
      "license": "MIT",
      "optional": true,
      "os": [
        "linux"
      ],
      "engines": {
        "node": "^20.19.0 || >=22.12.0"
      }
    },
    "node_modules/@oxlint/binding-linux-arm64-musl": {
      "version": "1.69.0",
      "resolved": "https://registry.npmjs.org/@oxlint/binding-linux-arm64-musl/-/binding-linux-arm64-musl-1.69.0.tgz",
      "integrity": "sha512-xEPpNppTfN1l/nM7gYSf9iocscu/as+p/7vxkLeLEKnYU+09Dm+5V6IhDYDh+Uz6FajEupWwCLt5SOG0y1PCKg==",
      "cpu": [
        "arm64"
      ],
      "dev": true,
      "libc": [
        "musl"
      ],
      "license": "MIT",
      "optional": true,
      "os": [
        "linux"
      ],
      "engines": {
        "node": "^20.19.0 || >=22.12.0"
      }
    },
    "node_modules/@oxlint/binding-linux-ppc64-gnu": {
      "version": "1.69.0",
      "resolved": "https://registry.npmjs.org/@oxlint/binding-linux-ppc64-gnu/-/binding-linux-ppc64-gnu-1.69.0.tgz",
      "integrity": "sha512-Ug0+eU7HJBlek+SjklYH62IlOMirEJsdxpihH0kSqX0XdrDD4NdHpQc10fK1JC35yn6KrrcN+uYzlHD38XAf8Q==",
      "cpu": [
        "ppc64"
      ],
      "dev": true,
      "libc": [
        "glibc"
      ],
      "license": "MIT",
      "optional": true,
      "os": [
        "linux"
      ],
      "engines": {
        "node": "^20.19.0 || >=22.12.0"
      }
    },
    "node_modules/@oxlint/binding-linux-riscv64-gnu": {
      "version": "1.69.0",
      "resolved": "https://registry.npmjs.org/@oxlint/binding-linux-riscv64-gnu/-/binding-linux-riscv64-gnu-1.69.0.tgz",
      "integrity": "sha512-iEyI3GIg0l/s3G4qy2TlaaWKdzj4PJJStwtlocpDTC00PY9hZueotf6OKUj9+yfQh0lrpBW/pLMgTztbAHKJEg==",
      "cpu": [
        "riscv64"
      ],
      "dev": true,
      "libc": [
        "glibc"
      ],
      "license": "MIT",
      "optional": true,
      "os": [
        "linux"
      ],
      "engines": {
        "node": "^20.19.0 || >=22.12.0"
      }
    },
    "node_modules/@oxlint/binding-linux-riscv64-musl": {
      "version": "1.69.0",
      "resolved": "https://registry.npmjs.org/@oxlint/binding-linux-riscv64-musl/-/binding-linux-riscv64-musl-1.69.0.tgz",
      "integrity": "sha512-NjHjpiI4WIKSMwuoJSZi5VToPeoYOS1FR52HLIDG6lidMdqquusgtODb4iLk0+lb1q3Z0nv2/aPRcC/olmpQGg==",
      "cpu": [
        "riscv64"
      ],
      "dev": true,
      "libc": [
        "musl"
      ],
      "license": "MIT",
      "optional": true,
      "os": [
        "linux"
      ],
      "engines": {
        "node": "^20.19.0 || >=22.12.0"
      }
    },
    "node_modules/@oxlint/binding-linux-s390x-gnu": {
      "version": "1.69.0",
      "resolved": "https://registry.npmjs.org/@oxlint/binding-linux-s390x-gnu/-/binding-linux-s390x-gnu-1.69.0.tgz",
      "integrity": "sha512-Ai/prDewoItkDXbp38gwGZi41DycZbUTZJ3UidwoHgQC0/DaqC2TGdtBTQLJ6hSD+SAxASzh8+/eSBPmxfOacA==",
      "cpu": [
        "s390x"
      ],
      "dev": true,
      "libc": [
        "glibc"
      ],
      "license": "MIT",
      "optional": true,
      "os": [
        "linux"
      ],
      "engines": {
        "node": "^20.19.0 || >=22.12.0"
      }
    },
    "node_modules/@oxlint/binding-linux-x64-gnu": {
      "version": "1.69.0",
      "resolved": "https://registry.npmjs.org/@oxlint/binding-linux-x64-gnu/-/binding-linux-x64-gnu-1.69.0.tgz",
      "integrity": "sha512-Gt3KHgp46mRKz4sJeaASmKvD8ayXookRw07RMf+NowhEztGGDZ7VrXpoW96XuKJLjFukWizOFVNjmYb/u7caNQ==",
      "cpu": [
        "x64"
      ],
      "dev": true,
      "libc": [
        "glibc"
      ],
      "license": "MIT",
      "optional": true,
      "os": [
        "linux"
      ],
      "engines": {
        "node": "^20.19.0 || >=22.12.0"
      }
    },
    "node_modules/@oxlint/binding-linux-x64-musl": {
      "version": "1.69.0",
      "resolved": "https://registry.npmjs.org/@oxlint/binding-linux-x64-musl/-/binding-linux-x64-musl-1.69.0.tgz",
      "integrity": "sha512-7tQhJ2+p/oHv1zcfnjYI7YVzC/7iBaVOfIvFYtxdJ5F45mWgEdrCyXZXZGfiLey5t/5JhOhsaMnnv1kAzckd7g==",
      "cpu": [
        "x64"
      ],
      "dev": true,
      "libc": [
        "musl"
      ],
      "license": "MIT",
      "optional": true,
      "os": [
        "linux"
      ],
      "engines": {
        "node": "^20.19.0 || >=22.12.0"
      }
    },
    "node_modules/@oxlint/binding-openharmony-arm64": {
      "version": "1.69.0",
      "resolved": "https://registry.npmjs.org/@oxlint/binding-openharmony-arm64/-/binding-openharmony-arm64-1.69.0.tgz",
      "integrity": "sha512-vmWz6TKp/3hfA4lksR0zHBv/6xuX1jhym6eqOjdH2DXsDDHZWcp2f0KG0VCAnlVbIrjk29G4wAWMXb/Hn1YobA==",
      "cpu": [
        "arm64"
      ],
      "dev": true,
      "license": "MIT",
      "optional": true,
      "os": [
        "openharmony"
      ],
      "engines": {
        "node": "^20.19.0 || >=22.12.0"
      }
    },
    "node_modules/@oxlint/binding-win32-arm64-msvc": {
      "version": "1.69.0",
      "resolved": "https://registry.npmjs.org/@oxlint/binding-win32-arm64-msvc/-/binding-win32-arm64-msvc-1.69.0.tgz",
      "integrity": "sha512-9RExaLgmaw6IoIkU9cTpT71mLfI0xZ86iZH8x518LVsOkjquJMYqb9P7KpC8lgd1t0Dxs41p2pxynq4XR3Ttzw==",
      "cpu": [
        "arm64"
      ],
      "dev": true,
      "license": "MIT",
      "optional": true,
      "os": [
        "win32"
      ],
      "engines": {
        "node": "^20.19.0 || >=22.12.0"
      }
    },
    "node_modules/@oxlint/binding-win32-ia32-msvc": {
      "version": "1.69.0",
      "resolved": "https://registry.npmjs.org/@oxlint/binding-win32-ia32-msvc/-/binding-win32-ia32-msvc-1.69.0.tgz",
      "integrity": "sha512-1907kRPF8/PrcIw1E7LMs9JbVrpgnt/MvFdss3an8oDkYNAACXzTntV3t3869ZZhMZxb2AzRGbz1pA/jdFatXA==",
      "cpu": [
        "ia32"
      ],
      "dev": true,
      "license": "MIT",
      "optional": true,
      "os": [
        "win32"
      ],
      "engines": {
        "node": "^20.19.0 || >=22.12.0"
      }
    },
    "node_modules/@oxlint/binding-win32-x64-msvc": {
      "version": "1.69.0",
      "resolved": "https://registry.npmjs.org/@oxlint/binding-win32-x64-msvc/-/binding-win32-x64-msvc-1.69.0.tgz",
      "integrity": "sha512-w8SOXv3mT9Fi6jY8OXdXCfnvX/3KNLXGNr4HEz2TA7S4Mv/PYAOmpB8y/ge40mxvBMgGNaSaaDwZpAsQn7HtWA==",
      "cpu": [
        "x64"
      ],
      "dev": true,
      "license": "MIT",
      "optional": true,
      "os": [
        "win32"
      ],
      "engines": {
        "node": "^20.19.0 || >=22.12.0"
      }
    },
    "node_modules/@ts-morph/common": {
      "version": "0.29.0",
      "resolved": "https://registry.npmjs.org/@ts-morph/common/-/common-0.29.0.tgz",
      "integrity": "sha512-35oUmphHbJvQ/+UTwFNme/t2p3FoKiGJ5auTjjpNTop2dyREspirjMy82PLSC1pnDJ8ah1GU98hwpVt64YXQsg==",
      "license": "MIT",
      "dependencies": {
        "minimatch": "^10.0.1",
        "path-browserify": "^1.0.1",
        "tinyglobby": "^0.2.14"
      }
    },
    "node_modules/@types/js-yaml": {
      "version": "4.0.9",
      "resolved": "https://registry.npmjs.org/@types/js-yaml/-/js-yaml-4.0.9.tgz",
      "integrity": "sha512-k4MGaQl5TGo/iipqb2UDG2UwjXziSWkh0uysQelTlJpX1qGlpUZYm8PnO4DxG1qBomtJUdYJ6qR6xdIah10JLg==",
      "dev": true,
      "license": "MIT"
    },
    "node_modules/@types/node": {
      "version": "24.10.15",
      "resolved": "https://registry.npmjs.org/@types/node/-/node-24.10.15.tgz",
      "integrity": "sha512-BgjLoRuSr0MTI5wA6gMw9Xy0sFudAaUuvrnjgGx9wZ522fYYLA5SYJ+1Y30vTcJEG+DRCyDHx/gzQVfofYzSdg==",
      "dev": true,
      "license": "MIT",
      "dependencies": {
        "undici-types": "~7.16.0"
      }
    },
    "node_modules/@types/semver": {
      "version": "7.7.1",
      "resolved": "https://registry.npmjs.org/@types/semver/-/semver-7.7.1.tgz",
      "integrity": "sha512-FmgJfu+MOcQ370SD0ev7EI8TlCAfKYU+B4m5T3yXc1CiRN94g/SZPtsCkk506aUDtlMnFZvasDwHHUcZUEaYuA==",
      "dev": true,
      "license": "MIT"
    },
    "node_modules/@typescript/lib-decorators": {
      "name": "@better-typescript-lib/decorators",
      "version": "2.12.0",
      "resolved": "https://registry.npmjs.org/@better-typescript-lib/decorators/-/decorators-2.12.0.tgz",
      "integrity": "sha512-/m9Q5Xk66ThUJidTsxmXJH0+49iCLl5PFmue0HkNSGrcPU96oaoKNY5sH1AslwA/OWVvBg3hE58ZwSGm6TQFuQ==",
      "dev": true,
      "license": "Apache-2.0",
      "peerDependencies": {
        "typescript": ">=4.5.2"
      }
    },
    "node_modules/@typescript/lib-dom": {
      "name": "@better-typescript-lib/dom",
      "version": "2.12.0",
      "resolved": "https://registry.npmjs.org/@better-typescript-lib/dom/-/dom-2.12.0.tgz",
      "integrity": "sha512-via7EW6RKBeUcE9JBS3lNoQeCfghGZoRhBMXOsgOyvBskTdP45MUi6hM7RZMYbTcOh2tzg3j70uhe+1MajCJXw==",
      "dev": true,
      "license": "Apache-2.0",
      "peerDependencies": {
        "typescript": ">=4.5.2"
      }
    },
    "node_modules/@typescript/lib-es2015": {
      "name": "@better-typescript-lib/es2015",
      "version": "2.12.0",
      "resolved": "https://registry.npmjs.org/@better-typescript-lib/es2015/-/es2015-2.12.0.tgz",
      "integrity": "sha512-woXTAKb6yUSdy8hm2NQPnvvE0PVQeFLp1rfHrwHlFF/5vG9EjltI9+jdaSN2jtS5sW8SeSQiKCtIZ/AYK/YxQA==",
      "dev": true,
      "license": "Apache-2.0",
      "peerDependencies": {
        "typescript": ">=4.5.2"
      }
    },
    "node_modules/@typescript/lib-es2016": {
      "name": "@better-typescript-lib/es2016",
      "version": "2.12.0",
      "resolved": "https://registry.npmjs.org/@better-typescript-lib/es2016/-/es2016-2.12.0.tgz",
      "integrity": "sha512-8V5jFi+qpJbop+xdSEX7PtA6KxUzNXxoN3Lt5MrUB3TLpb/vh6uzphQmYULnkcn1ScdXTzbpHwG4rdNFY36wTA==",
      "dev": true,
      "license": "Apache-2.0",
      "peerDependencies": {
        "typescript": ">=4.5.2"
      }
    },
    "node_modules/@typescript/lib-es2017": {
      "name": "@better-typescript-lib/es2017",
      "version": "2.12.0",
      "resolved": "https://registry.npmjs.org/@better-typescript-lib/es2017/-/es2017-2.12.0.tgz",
      "integrity": "sha512-iCUQOIylZwFt+NrkH0LTYzc+LmqRpLkDGLR7zvZs4PlgjONjyYcbyYar2LVbX3XcBsnx7vVW7andI4+aXb+AZQ==",
      "dev": true,
      "license": "Apache-2.0",
      "peerDependencies": {
        "typescript": ">=4.5.2"
      }
    },
    "node_modules/@typescript/lib-es2018": {
      "name": "@better-typescript-lib/es2018",
      "version": "2.12.0",
      "resolved": "https://registry.npmjs.org/@better-typescript-lib/es2018/-/es2018-2.12.0.tgz",
      "integrity": "sha512-mch+ACDNKYI8rKBM2AeebejyoI0cK3lpmc7m1yMoPzDOronjGk5sLYryCheLWXeMhUguO13tN5RnlJDyhV1E1A==",
      "dev": true,
      "license": "Apache-2.0",
      "peerDependencies": {
        "typescript": ">=4.5.2"
      }
    },
    "node_modules/@typescript/lib-es2019": {
      "name": "@better-typescript-lib/es2019",
      "version": "2.12.0",
      "resolved": "https://registry.npmjs.org/@better-typescript-lib/es2019/-/es2019-2.12.0.tgz",
      "integrity": "sha512-x/+BqehInEYoILfItuHXJdX6hLEOHAUhNlN/x99uN48o6HCKi4teoOaUWlxclcPeS2LmlE4RLzXUylEvd+DPtQ==",
      "dev": true,
      "license": "Apache-2.0",
      "peerDependencies": {
        "typescript": ">=4.5.2"
      }
    },
    "node_modules/@typescript/lib-es2020": {
      "name": "@better-typescript-lib/es2020",
      "version": "2.12.0",
      "resolved": "https://registry.npmjs.org/@better-typescript-lib/es2020/-/es2020-2.12.0.tgz",
      "integrity": "sha512-Kc5OPXfLwYnkS+Oa4h8+iPYNdktxMvOum/cW/5WHU4UTtgmShceahbc/9dDsp04fvgTGiT47KHEMuxQYdbx/mQ==",
      "dev": true,
      "license": "Apache-2.0",
      "peerDependencies": {
        "typescript": ">=4.5.2"
      }
    },
    "node_modules/@typescript/lib-es2021": {
      "name": "@better-typescript-lib/es2021",
      "version": "2.12.0",
      "resolved": "https://registry.npmjs.org/@better-typescript-lib/es2021/-/es2021-2.12.0.tgz",
      "integrity": "sha512-oc9FxQuHPLYoiNPo0oAAm5PRQEuoLJ39BI1e2jaPLfC1zdc5QbMk517NfKmNb4enlUGKoOhC3uSrpS/OjkSPWw==",
      "dev": true,
      "license": "Apache-2.0",
      "peerDependencies": {
        "typescript": ">=4.5.2"
      }
    },
    "node_modules/@typescript/lib-es2022": {
      "name": "@better-typescript-lib/es2022",
      "version": "2.12.0",
      "resolved": "https://registry.npmjs.org/@better-typescript-lib/es2022/-/es2022-2.12.0.tgz",
      "integrity": "sha512-MnqVGp9hmwnCDXv7O8V50rynt+4CU9fPTx2EJ39r0PibzW1dKT7bLdlFNS0+hDFLkJZlV2kgoctP3e5wEBLu7w==",
      "dev": true,
      "license": "Apache-2.0",
      "peerDependencies": {
        "typescript": ">=4.5.2"
      }
    },
    "node_modules/@typescript/lib-es2023": {
      "name": "@better-typescript-lib/es2023",
      "version": "2.12.0",
      "resolved": "https://registry.npmjs.org/@better-typescript-lib/es2023/-/es2023-2.12.0.tgz",
      "integrity": "sha512-rB7pbtaxNy9ReKV22lfXfXCfQFCdtxbas+oxcjiTNRYkCcSgc5B3nA3v+NQcbNk1MukhnQca7bmw2tqvKaV8OQ==",
      "dev": true,
      "license": "Apache-2.0",
      "peerDependencies": {
        "typescript": ">=4.5.2"
      }
    },
    "node_modules/@typescript/lib-es2024": {
      "name": "@better-typescript-lib/es2024",
      "version": "2.12.0",
      "resolved": "https://registry.npmjs.org/@better-typescript-lib/es2024/-/es2024-2.12.0.tgz",
      "integrity": "sha512-zNCgAaV0hFW1SNeEfvjO7EX35w+Ja16PRP4TFL7ZyENcs93mghQEH9l437Pixya+sG3a2m7GbkFjzv+Z6Bkf5w==",
      "dev": true,
      "license": "Apache-2.0",
      "peerDependencies": {
        "typescript": ">=4.5.2"
      }
    },
    "node_modules/@typescript/lib-es5": {
      "name": "@better-typescript-lib/es5",
      "version": "2.12.0",
      "resolved": "https://registry.npmjs.org/@better-typescript-lib/es5/-/es5-2.12.0.tgz",
      "integrity": "sha512-TueHgCcwn6QX8MFzC/kx6p7Y9AJUDIwsRz4klOSxGU3l0oUnqSv0uYOrZuLOldeVuVHHfKHKP11I5ELVmWQSNg==",
      "dev": true,
      "license": "Apache-2.0",
      "peerDependencies": {
        "typescript": ">=4.5.2"
      }
    },
    "node_modules/@typescript/lib-es6": {
      "name": "@better-typescript-lib/es6",
      "version": "2.12.0",
      "resolved": "https://registry.npmjs.org/@better-typescript-lib/es6/-/es6-2.12.0.tgz",
      "integrity": "sha512-zBPoQsg5a1pc2Um5udWadmJRPtH3wR6Z7PMk4q1vQnAn5N3RyzKcvFvNqiQWQXIl0ptSaKN4IVxMzJ+OKi9dUg==",
      "dev": true,
      "license": "Apache-2.0",
      "peerDependencies": {
        "typescript": ">=4.5.2"
      }
    },
    "node_modules/@typescript/lib-esnext": {
      "name": "@better-typescript-lib/esnext",
      "version": "2.12.0",
      "resolved": "https://registry.npmjs.org/@better-typescript-lib/esnext/-/esnext-2.12.0.tgz",
      "integrity": "sha512-fOBovlfESsE6bHG8ITAvW3o5qQztryc+8onzRRpDS8gZCOjWX7eNoeM8FlMHplEgWfL0FknKh/o1y7xDXRYhLA==",
      "dev": true,
      "license": "Apache-2.0",
      "peerDependencies": {
        "typescript": ">=4.5.2"
      }
    },
    "node_modules/@typescript/lib-scripthost": {
      "name": "@better-typescript-lib/scripthost",
      "version": "2.12.0",
      "resolved": "https://registry.npmjs.org/@better-typescript-lib/scripthost/-/scripthost-2.12.0.tgz",
      "integrity": "sha512-B5Fz5HARk9G7ntuRawvT+VMwdhN/+OUIuBRW+7IBq3Jk8lzwu53aLSmKK38suGpPikfVhaC1EmA8nPcgHFMlCQ==",
      "dev": true,
      "license": "Apache-2.0",
      "peerDependencies": {
        "typescript": ">=4.5.2"
      }
    },
    "node_modules/@typescript/lib-webworker": {
      "name": "@better-typescript-lib/webworker",
      "version": "2.12.0",
      "resolved": "https://registry.npmjs.org/@better-typescript-lib/webworker/-/webworker-2.12.0.tgz",
      "integrity": "sha512-YktWJCUYdrRORhd4NgnPZCEzElDglPZzVnfkxGNmEhPpFE1W6ThKDQqkvMZapf3T+0xGeDqJx9V4xhFNnv56Xw==",
      "dev": true,
      "license": "Apache-2.0",
      "peerDependencies": {
        "typescript": ">=4.5.2"
      }
    },
    "node_modules/argparse": {
      "version": "2.0.1",
      "resolved": "https://registry.npmjs.org/argparse/-/argparse-2.0.1.tgz",
      "integrity": "sha512-8+9WqebbFzpX9OR+Wa6O29asIogeRMzcGtAINdpMHHyAg10f05aSFVBbcEqGf/PXw1EjAZ+q2/bEBg3DvurK3Q==",
      "license": "Python-2.0"
    },
    "node_modules/balanced-match": {
      "version": "4.0.4",
      "resolved": "https://registry.npmjs.org/balanced-match/-/balanced-match-4.0.4.tgz",
      "integrity": "sha512-BLrgEcRTwX2o6gGxGOCNyMvGSp35YofuYzw9h1IMTRmKqttAZZVU67bdb9Pr2vUHA8+j3i2tJfjO6C6+4myGTA==",
      "license": "MIT",
      "engines": {
        "node": "18 || 20 || >=22"
      }
    },
    "node_modules/better-typescript-lib": {
      "version": "2.12.0",
      "resolved": "https://registry.npmjs.org/better-typescript-lib/-/better-typescript-lib-2.12.0.tgz",
      "integrity": "sha512-f7eO5Xs6Cczfx5eDRuDw/JYCrsdiC6gXdleB2KFZ5ZYgU/RRoev9swjt/eD0xo9PRDqNDwyjKx0n27CDHRZwvQ==",
      "dev": true,
      "license": "Apache-2.0",
      "dependencies": {
        "@typescript/lib-decorators": "npm:@better-typescript-lib/decorators@2.12.0",
        "@typescript/lib-dom": "npm:@better-typescript-lib/dom@2.12.0",
        "@typescript/lib-es2015": "npm:@better-typescript-lib/es2015@2.12.0",
        "@typescript/lib-es2016": "npm:@better-typescript-lib/es2016@2.12.0",
        "@typescript/lib-es2017": "npm:@better-typescript-lib/es2017@2.12.0",
        "@typescript/lib-es2018": "npm:@better-typescript-lib/es2018@2.12.0",
        "@typescript/lib-es2019": "npm:@better-typescript-lib/es2019@2.12.0",
        "@typescript/lib-es2020": "npm:@better-typescript-lib/es2020@2.12.0",
        "@typescript/lib-es2021": "npm:@better-typescript-lib/es2021@2.12.0",
        "@typescript/lib-es2022": "npm:@better-typescript-lib/es2022@2.12.0",
        "@typescript/lib-es2023": "npm:@better-typescript-lib/es2023@2.12.0",
        "@typescript/lib-es2024": "npm:@better-typescript-lib/es2024@2.12.0",
        "@typescript/lib-es5": "npm:@better-typescript-lib/es5@2.12.0",
        "@typescript/lib-es6": "npm:@better-typescript-lib/es6@2.12.0",
        "@typescript/lib-esnext": "npm:@better-typescript-lib/esnext@2.12.0",
        "@typescript/lib-scripthost": "npm:@better-typescript-lib/scripthost@2.12.0",
        "@typescript/lib-webworker": "npm:@better-typescript-lib/webworker@2.12.0"
      },
      "peerDependencies": {
        "typescript": ">=4.5.2"
      }
    },
    "node_modules/brace-expansion": {
      "version": "5.0.6",
      "resolved": "https://registry.npmjs.org/brace-expansion/-/brace-expansion-5.0.6.tgz",
      "integrity": "sha512-kLpxurY4Z4r9sgMsyG0Z9uzsBlgiU/EFKhj/h91/8yHu0edo7XuixOIH3VcJ8kkxs6/jPzoI6U9Vj3WqbMQ94g==",
      "license": "MIT",
      "dependencies": {
        "balanced-match": "^4.0.2"
      },
      "engines": {
        "node": "18 || 20 || >=22"
      }
    },
    "node_modules/code-block-writer": {
      "version": "13.0.3",
      "resolved": "https://registry.npmjs.org/code-block-writer/-/code-block-writer-13.0.3.tgz",
      "integrity": "sha512-Oofo0pq3IKnsFtuHqSF7TqBfr71aeyZDVJ0HpmqB7FBM2qEigL0iPONSCZSO9pE9dZTAxANe5XHG9Uy0YMv8cg==",
      "license": "MIT"
    },
    "node_modules/fdir": {
      "version": "6.5.0",
      "resolved": "https://registry.npmjs.org/fdir/-/fdir-6.5.0.tgz",
      "integrity": "sha512-tIbYtZbucOs0BRGqPJkshJUYdL+SDH7dVM8gjy+ERp3WAUjLEFJE+02kanyHtwjWOnwrKYBiwAmM0p4kLJAnXg==",
      "license": "MIT",
      "engines": {
        "node": ">=12.0.0"
      },
      "peerDependencies": {
        "picomatch": "^3 || ^4"
      },
      "peerDependenciesMeta": {
        "picomatch": {
          "optional": true
        }
      }
    },
    "node_modules/find-up-simple": {
      "version": "1.0.1",
      "resolved": "https://registry.npmjs.org/find-up-simple/-/find-up-simple-1.0.1.tgz",
      "integrity": "sha512-afd4O7zpqHeRyg4PfDQsXmlDe2PfdHtJt6Akt8jOWaApLOZk5JXs6VMR29lz03pRe9mpykrRCYIYxaJYcfpncQ==",
      "license": "MIT",
      "engines": {
        "node": ">=18"
      },
      "funding": {
        "url": "https://github.com/sponsors/sindresorhus"
      }
    },
    "node_modules/js-yaml": {
      "version": "4.2.0",
      "resolved": "https://registry.npmjs.org/js-yaml/-/js-yaml-4.2.0.tgz",
      "integrity": "sha512-ePWsvanv0DWuDRsW8dnt+R4jQ31SCRCQ7hhNcPXZPsoBZiemuZNYGf7adZdqX2D86j6rvKp3RpCxVTSb8WQlOw==",
      "funding": [
        {
          "type": "github",
          "url": "https://github.com/sponsors/puzrin"
        },
        {
          "type": "github",
          "url": "https://github.com/sponsors/nodeca"
        }
      ],
      "license": "MIT",
      "dependencies": {
        "argparse": "^2.0.1"
      },
      "bin": {
        "js-yaml": "bin/js-yaml.js"
      }
    },
    "node_modules/jsonc-parser": {
      "version": "3.3.1",
      "resolved": "https://registry.npmjs.org/jsonc-parser/-/jsonc-parser-3.3.1.tgz",
      "integrity": "sha512-HUgH65KyejrUFPvHFPbqOY0rsFip3Bo5wb4ngvdi1EpCYWUQDC5V+Y7mZws+DLkr4M//zQJoanu1SP+87Dv1oQ==",
      "license": "MIT"
    },
    "node_modules/minimatch": {
      "version": "10.2.5",
      "resolved": "https://registry.npmjs.org/minimatch/-/minimatch-10.2.5.tgz",
      "integrity": "sha512-MULkVLfKGYDFYejP07QOurDLLQpcjk7Fw+7jXS2R2czRQzR56yHRveU5NDJEOviH+hETZKSkIk5c+T23GjFUMg==",
      "license": "BlueOak-1.0.0",
      "dependencies": {
        "brace-expansion": "^5.0.5"
      },
      "engines": {
        "node": "18 || 20 || >=22"
      },
      "funding": {
        "url": "https://github.com/sponsors/isaacs"
      }
    },
    "node_modules/oxlint": {
      "version": "1.69.0",
      "resolved": "https://registry.npmjs.org/oxlint/-/oxlint-1.69.0.tgz",
      "integrity": "sha512-ypZkK/aDc5NQV8zIR6s2H2Tl3aNW8FmJ1m9+2qsaYuRenl8vgnHNCGwTHviWJdUQzglOlHFchgopdtGhSy17Rw==",
      "dev": true,
      "license": "MIT",
      "bin": {
        "oxlint": "bin/oxlint"
      },
      "engines": {
        "node": "^20.19.0 || >=22.12.0"
      },
      "funding": {
        "url": "https://github.com/sponsors/Boshen"
      },
      "optionalDependencies": {
        "@oxlint/binding-android-arm-eabi": "1.69.0",
        "@oxlint/binding-android-arm64": "1.69.0",
        "@oxlint/binding-darwin-arm64": "1.69.0",
        "@oxlint/binding-darwin-x64": "1.69.0",
        "@oxlint/binding-freebsd-x64": "1.69.0",
        "@oxlint/binding-linux-arm-gnueabihf": "1.69.0",
        "@oxlint/binding-linux-arm-musleabihf": "1.69.0",
        "@oxlint/binding-linux-arm64-gnu": "1.69.0",
        "@oxlint/binding-linux-arm64-musl": "1.69.0",
        "@oxlint/binding-linux-ppc64-gnu": "1.69.0",
        "@oxlint/binding-linux-riscv64-gnu": "1.69.0",
        "@oxlint/binding-linux-riscv64-musl": "1.69.0",
        "@oxlint/binding-linux-s390x-gnu": "1.69.0",
        "@oxlint/binding-linux-x64-gnu": "1.69.0",
        "@oxlint/binding-linux-x64-musl": "1.69.0",
        "@oxlint/binding-openharmony-arm64": "1.69.0",
        "@oxlint/binding-win32-arm64-msvc": "1.69.0",
        "@oxlint/binding-win32-ia32-msvc": "1.69.0",
        "@oxlint/binding-win32-x64-msvc": "1.69.0"
      },
      "peerDependencies": {
        "oxlint-tsgolint": ">=0.22.1",
        "vite-plus": "*"
      },
      "peerDependenciesMeta": {
        "oxlint-tsgolint": {
          "optional": true
        },
        "vite-plus": {
          "optional": true
        }
      }
    },
    "node_modules/oxlint-tsgolint": {
      "version": "0.23.0",
      "resolved": "https://registry.npmjs.org/oxlint-tsgolint/-/oxlint-tsgolint-0.23.0.tgz",
      "integrity": "sha512-3mBv3CoPbh8dFbzfDGIWa2ytZjn2v+3EX4aKRXjIhsoGFzG8GCjfRirz3rwZf1wYbZzsNLTSgpw8VjQuWdp/jA==",
      "dev": true,
      "license": "MIT",
      "bin": {
        "tsgolint": "bin/tsgolint.js"
      },
      "optionalDependencies": {
        "@oxlint-tsgolint/darwin-arm64": "0.23.0",
        "@oxlint-tsgolint/darwin-x64": "0.23.0",
        "@oxlint-tsgolint/linux-arm64": "0.23.0",
        "@oxlint-tsgolint/linux-x64": "0.23.0",
        "@oxlint-tsgolint/win32-arm64": "0.23.0",
        "@oxlint-tsgolint/win32-x64": "0.23.0"
      }
    },
    "node_modules/package-up": {
      "version": "5.0.0",
      "resolved": "https://registry.npmjs.org/package-up/-/package-up-5.0.0.tgz",
      "integrity": "sha512-MQEgDUvXCa3sGvqHg3pzHO8e9gqTCMPVrWUko3vPQGntwegmFo52mZb2abIVTjFnUcW0BcPz0D93jV5Cas1DWA==",
      "license": "MIT",
      "dependencies": {
        "find-up-simple": "^1.0.0"
      },
      "engines": {
        "node": ">=18"
      },
      "funding": {
        "url": "https://github.com/sponsors/sindresorhus"
      }
    },
    "node_modules/path-browserify": {
      "version": "1.0.1",
      "resolved": "https://registry.npmjs.org/path-browserify/-/path-browserify-1.0.1.tgz",
      "integrity": "sha512-b7uo2UCUOYZcnF/3ID0lulOJi/bafxa1xPe7ZPsammBSpjSWQkjNxlt635YGS2MiR9GjvuXCtz2emr3jbsz98g==",
      "license": "MIT"
    },
    "node_modules/picomatch": {
      "version": "4.0.4",
      "resolved": "https://registry.npmjs.org/picomatch/-/picomatch-4.0.4.tgz",
      "integrity": "sha512-QP88BAKvMam/3NxH6vj2o21R6MjxZUAd6nlwAS/pnGvN9IVLocLHxGYIzFhg6fUQ+5th6P4dv4eW9jX3DSIj7A==",
      "license": "MIT",
      "engines": {
        "node": ">=12"
      },
      "funding": {
        "url": "https://github.com/sponsors/jonschlinkert"
      }
    },
    "node_modules/semver": {
      "version": "7.8.4",
      "resolved": "https://registry.npmjs.org/semver/-/semver-7.8.4.tgz",
      "integrity": "sha512-rUCObTnP32Q08R2uuIrt7r9PlEonuTmtuXYcW6s5kjdlj3xbnwe+21yXptAUYcMAABLkYYTtnmzb3w3EDZfueA==",
      "license": "ISC",
      "bin": {
        "semver": "bin/semver.js"
      },
      "engines": {
        "node": ">=10"
      }
    },
    "node_modules/tinyglobby": {
      "version": "0.2.17",
      "resolved": "https://registry.npmjs.org/tinyglobby/-/tinyglobby-0.2.17.tgz",
      "integrity": "sha512-wXR/dYpcqKmfWpEdZjiKJOwCNFndD0DMnrW/cYjVGttEkBfVgcLFHoNrlj47mjOVic9yyNu65alsgF4NQyTa2g==",
      "license": "MIT",
      "dependencies": {
        "fdir": "^6.5.0",
        "picomatch": "^4.0.4"
      },
      "engines": {
        "node": ">=12.0.0"
      },
      "funding": {
        "url": "https://github.com/sponsors/SuperchupuDev"
      }
    },
    "node_modules/ts-morph": {
      "version": "28.0.0",
      "resolved": "https://registry.npmjs.org/ts-morph/-/ts-morph-28.0.0.tgz",
      "integrity": "sha512-Wp3tnZ2bzwxyTZMtgWVzXDfm7lB1Drz+y9DmmYH/L702PQhPyVrp3pkou3yIz4qjS14GY9kcpmLiOOMvl8oG1g==",
      "license": "MIT",
      "dependencies": {
        "@ts-morph/common": "~0.29.0",
        "code-block-writer": "^13.0.3"
      }
    },
    "node_modules/typescript": {
      "version": "6.0.3",
      "resolved": "https://registry.npmjs.org/typescript/-/typescript-6.0.3.tgz",
      "integrity": "sha512-y2TvuxSZPDyQakkFRPZHKFm+KKVqIisdg9/CZwm9ftvKXLP8NRWj38/ODjNbr43SsoXqNuAisEf1GdCxqWcdBw==",
      "dev": true,
      "license": "Apache-2.0",
      "bin": {
        "tsc": "bin/tsc",
        "tsserver": "bin/tsserver"
      },
      "engines": {
        "node": ">=14.17"
      }
    },
    "node_modules/undici-types": {
      "version": "7.16.0",
      "resolved": "https://registry.npmjs.org/undici-types/-/undici-types-7.16.0.tgz",
      "integrity": "sha512-Zz+aZWSj8LE6zoxD+xrjh4VfkIG8Ya6LvYkZqtUQGJPZjYl53ypCaUwWqo7eI0x66KBGeRo+mlBEkMSeSZ38Nw==",
      "dev": true,
      "license": "MIT"
    }
  }
}
